
Microsoft Visual Studio Solution File, Format Version 12.00
# Visual Studio Version 17
VisualStudioVersion = 17.9.34607.119
MinimumVisualStudioVersion = 10.0.40219.1
Project("{FAE04EC0-301F-11D3-BF4B-00C04F79EFBC}") = "CLOUPARD-Test task MVC", "CLOUPARD-Test task MVC\CLOUPARD-Test task MVC.csproj", "{58E79269-7FD6-46EA-AB5D-D8AFC442624D}"
EndProject
Global
	GlobalSection(SolutionConfigurationPlatforms) = preSolution
		Debug|Any CPU = Debug|Any CPU
		Release|Any CPU = Release|Any CPU
	EndGlobalSection
	GlobalSection(ProjectConfigurationPlatforms) = postSolution
		{58E79269-7FD6-46EA-AB5D-D8AFC442624D}.Debug|Any CPU.ActiveCfg = Debug|Any CPU
		{58E79269-7FD6-46EA-AB5D-D8AFC442624D}.Debug|Any CPU.Build.0 = Debug|Any CPU
		{58E79269-7FD6-46EA-AB5D-D8AFC442624D}.Release|Any CPU.ActiveCfg = Release|Any CPU
		{58E79269-7FD6-46EA-AB5D-D8AFC442624D}.Release|Any CPU.Build.0 = Release|Any CPU
	EndGlobalSection
	GlobalSection(SolutionProperties) = preSolution
		HideSolutionNode = FALSE
	EndGlobalSection
	GlobalSection(ExtensibilityGlobals) = postSolution
		SolutionGuid = {B0BE151C-94D4-4830-935F-FB4DA3D48098}
	EndGlobalSection
EndGlobal
